
Microsoft Visual Studio Solution File, Format Version 12.00
# Visual Studio Version 16
VisualStudioVersion = 16.0.30413.136
MinimumVisualStudioVersion = 15.0.26124.0
Project("{2150E333-8FDC-42A3-9474-1A3956D46DE8}") = "Identity", "Identity", "{2AA5D586-3ED1-49C6-A0AE-046421765769}"
EndProject
Project("{9A19103F-16F7-4668-BE54-9A1E7A4F7556}") = "FooBlog.Admin", "src\FooBlog.Admin\FooBlog.Admin.csproj", "{7F196982-E28D-452E-9B49-A884E099C666}"
EndProject
Project("{9A19103F-16F7-4668-BE54-9A1E7A4F7556}") = "FooBlog.STS.Identity", "src\FooBlog.STS.Identity\FooBlog.STS.Identity.csproj", "{513BBA5B-DD8A-436A-9287-7813FF29B63D}"
EndProject
Project("{9A19103F-16F7-4668-BE54-9A1E7A4F7556}") = "FooBlog.Admin.Api", "src\FooBlog.Admin.Api\FooBlog.Admin.Api.csproj", "{156CBA2C-7EB0-4D4C-B801-C38FF4E1C3F8}"
EndProject
Project("{9A19103F-16F7-4668-BE54-9A1E7A4F7556}") = "FooBlog.Admin.EntityFramework.Shared", "src\FooBlog.Admin.EntityFramework.Shared\FooBlog.Admin.EntityFramework.Shared.csproj", "{59CFD678-BB65-44D7-8B56-F693E0C71345}"
EndProject
Project("{9A19103F-16F7-4668-BE54-9A1E7A4F7556}") = "FooBlog.Admin.EntityFramework.SqlServer", "src\FooBlog.Admin.EntityFramework.SqlServer\FooBlog.Admin.EntityFramework.SqlServer.csproj", "{291998F6-E079-4DC3-820D-3EC23727956B}"
EndProject
Project("{9A19103F-16F7-4668-BE54-9A1E7A4F7556}") = "FooBlog.Shared", "src\FooBlog.Shared\FooBlog.Shared.csproj", "{3427BA03-C7B5-4976-912F-B62412EC6243}"
EndProject
Project("{2150E333-8FDC-42A3-9474-1A3956D46DE8}") = "Blog", "Blog", "{446D4B69-BD7E-42F7-A78E-25E1361CD7B3}"
EndProject
Project("{9A19103F-16F7-4668-BE54-9A1E7A4F7556}") = "FooBlog.API", "FooBlog.API\FooBlog.API.csproj", "{D219931D-3B0A-4D43-BC83-E0A5FAA9261D}"
EndProject
Project("{9A19103F-16F7-4668-BE54-9A1E7A4F7556}") = "FooBlog.Core", "FooBlog.Core\FooBlog.Core.csproj", "{D3C0C50C-380C-4099-AFDC-EF69CBA98CF6}"
EndProject
Project("{9A19103F-16F7-4668-BE54-9A1E7A4F7556}") = "FooBlog.Data", "FooBlog.Data\FooBlog.Data.csproj", "{E30F84FF-95D7-4F66-9630-0E5D63EF7F14}"
EndProject
Project("{9A19103F-16F7-4668-BE54-9A1E7A4F7556}") = "FooBlog.WASM", "FooBlog.WASM\FooBlog.WASM.csproj", "{B6DD54A2-8E93-43DF-8F07-5BD4AA7803DF}"
EndProject
Global
	GlobalSection(SolutionConfigurationPlatforms) = preSolution
		Debug|Any CPU = Debug|Any CPU
		Debug|x64 = Debug|x64
		Debug|x86 = Debug|x86
		Release|Any CPU = Release|Any CPU
		Release|x64 = Release|x64
		Release|x86 = Release|x86
	EndGlobalSection
	GlobalSection(ProjectConfigurationPlatforms) = postSolution
		{7F196982-E28D-452E-9B49-A884E099C666}.Debug|Any CPU.ActiveCfg = Debug|Any CPU
		{7F196982-E28D-452E-9B49-A884E099C666}.Debug|Any CPU.Build.0 = Debug|Any CPU
		{7F196982-E28D-452E-9B49-A884E099C666}.Debug|x64.ActiveCfg = Debug|Any CPU
		{7F196982-E28D-452E-9B49-A884E099C666}.Debug|x64.Build.0 = Debug|Any CPU
		{7F196982-E28D-452E-9B49-A884E099C666}.Debug|x86.ActiveCfg = Debug|Any CPU
		{7F196982-E28D-452E-9B49-A884E099C666}.Debug|x86.Build.0 = Debug|Any CPU
		{7F196982-E28D-452E-9B49-A884E099C666}.Release|Any CPU.ActiveCfg = Release|Any CPU
		{7F196982-E28D-452E-9B49-A884E099C666}.Release|Any CPU.Build.0 = Release|Any CPU
		{7F196982-E28D-452E-9B49-A884E099C666}.Release|x64.ActiveCfg = Release|Any CPU
		{7F196982-E28D-452E-9B49-A884E099C666}.Release|x64.Build.0 = Release|Any CPU
		{7F196982-E28D-452E-9B49-A884E099C666}.Release|x86.ActiveCfg = Release|Any CPU
		{7F196982-E28D-452E-9B49-A884E099C666}.Release|x86.Build.0 = Release|Any CPU
		{513BBA5B-DD8A-436A-9287-7813FF29B63D}.Debug|Any CPU.ActiveCfg = Debug|Any CPU
		{513BBA5B-DD8A-436A-9287-7813FF29B63D}.Debug|Any CPU.Build.0 = Debug|Any CPU
		{513BBA5B-DD8A-436A-9287-7813FF29B63D}.Debug|x64.ActiveCfg = Debug|Any CPU
		{513BBA5B-DD8A-436A-9287-7813FF29B63D}.Debug|x64.Build.0 = Debug|Any CPU
		{513BBA5B-DD8A-436A-9287-7813FF29B63D}.Debug|x86.ActiveCfg = Debug|Any CPU
		{513BBA5B-DD8A-436A-9287-7813FF29B63D}.Debug|x86.Build.0 = Debug|Any CPU
		{513BBA5B-DD8A-436A-9287-7813FF29B63D}.Release|Any CPU.ActiveCfg = Release|Any CPU
		{513BBA5B-DD8A-436A-9287-7813FF29B63D}.Release|Any CPU.Build.0 = Release|Any CPU
		{513BBA5B-DD8A-436A-9287-7813FF29B63D}.Release|x64.ActiveCfg = Release|Any CPU
		{513BBA5B-DD8A-436A-9287-7813FF29B63D}.Release|x64.Build.0 = Release|Any CPU
		{513BBA5B-DD8A-436A-9287-7813FF29B63D}.Release|x86.ActiveCfg = Release|Any CPU
		{513BBA5B-DD8A-436A-9287-7813FF29B63D}.Release|x86.Build.0 = Release|Any CPU
		{156CBA2C-7EB0-4D4C-B801-C38FF4E1C3F8}.Debug|Any CPU.ActiveCfg = Debug|Any CPU
		{156CBA2C-7EB0-4D4C-B801-C38FF4E1C3F8}.Debug|Any CPU.Build.0 = Debug|Any CPU
		{156CBA2C-7EB0-4D4C-B801-C38FF4E1C3F8}.Debug|x64.ActiveCfg = Debug|Any CPU
		{156CBA2C-7EB0-4D4C-B801-C38FF4E1C3F8}.Debug|x64.Build.0 = Debug|Any CPU
		{156CBA2C-7EB0-4D4C-B801-C38FF4E1C3F8}.Debug|x86.ActiveCfg = Debug|Any CPU
		{156CBA2C-7EB0-4D4C-B801-C38FF4E1C3F8}.Debug|x86.Build.0 = Debug|Any CPU
		{156CBA2C-7EB0-4D4C-B801-C38FF4E1C3F8}.Release|Any CPU.ActiveCfg = Release|Any CPU
		{156CBA2C-7EB0-4D4C-B801-C38FF4E1C3F8}.Release|Any CPU.Build.0 = Release|Any CPU
		{156CBA2C-7EB0-4D4C-B801-C38FF4E1C3F8}.Release|x64.ActiveCfg = Release|Any CPU
		{156CBA2C-7EB0-4D4C-B801-C38FF4E1C3F8}.Release|x64.Build.0 = Release|Any CPU
		{156CBA2C-7EB0-4D4C-B801-C38FF4E1C3F8}.Release|x86.ActiveCfg = Release|Any CPU
		{156CBA2C-7EB0-4D4C-B801-C38FF4E1C3F8}.Release|x86.Build.0 = Release|Any CPU
		{59CFD678-BB65-44D7-8B56-F693E0C71345}.Debug|Any CPU.ActiveCfg = Debug|Any CPU
		{59CFD678-BB65-44D7-8B56-F693E0C71345}.Debug|Any CPU.Build.0 = Debug|Any CPU
		{59CFD678-BB65-44D7-8B56-F693E0C71345}.Debug|x64.ActiveCfg = Debug|Any CPU
		{59CFD678-BB65-44D7-8B56-F693E0C71345}.Debug|x64.Build.0 = Debug|Any CPU
		{59CFD678-BB65-44D7-8B56-F693E0C71345}.Debug|x86.ActiveCfg = Debug|Any CPU
		{59CFD678-BB65-44D7-8B56-F693E0C71345}.Debug|x86.Build.0 = Debug|Any CPU
		{59CFD678-BB65-44D7-8B56-F693E0C71345}.Release|Any CPU.ActiveCfg = Release|Any CPU
		{59CFD678-BB65-44D7-8B56-F693E0C71345}.Release|Any CPU.Build.0 = Release|Any CPU
		{59CFD678-BB65-44D7-8B56-F693E0C71345}.Release|x64.ActiveCfg = Release|Any CPU
		{59CFD678-BB65-44D7-8B56-F693E0C71345}.Release|x64.Build.0 = Release|Any CPU
		{59CFD678-BB65-44D7-8B56-F693E0C71345}.Release|x86.ActiveCfg = Release|Any CPU
		{59CFD678-BB65-44D7-8B56-F693E0C71345}.Release|x86.Build.0 = Release|Any CPU
		{291998F6-E079-4DC3-820D-3EC23727956B}.Debug|Any CPU.ActiveCfg = Debug|Any CPU
		{291998F6-E079-4DC3-820D-3EC23727956B}.Debug|Any CPU.Build.0 = Debug|Any CPU
		{291998F6-E079-4DC3-820D-3EC23727956B}.Debug|x64.ActiveCfg = Debug|Any CPU
		{291998F6-E079-4DC3-820D-3EC23727956B}.Debug|x64.Build.0 = Debug|Any CPU
		{291998F6-E079-4DC3-820D-3EC23727956B}.Debug|x86.ActiveCfg = Debug|Any CPU
		{291998F6-E079-4DC3-820D-3EC23727956B}.Debug|x86.Build.0 = Debug|Any CPU
		{291998F6-E079-4DC3-820D-3EC23727956B}.Release|Any CPU.ActiveCfg = Release|Any CPU
		{291998F6-E079-4DC3-820D-3EC23727956B}.Release|Any CPU.Build.0 = Release|Any CPU
		{291998F6-E079-4DC3-820D-3EC23727956B}.Release|x64.ActiveCfg = Release|Any CPU
		{291998F6-E079-4DC3-820D-3EC23727956B}.Release|x64.Build.0 = Release|Any CPU
		{291998F6-E079-4DC3-820D-3EC23727956B}.Release|x86.ActiveCfg = Release|Any CPU
		{291998F6-E079-4DC3-820D-3EC23727956B}.Release|x86.Build.0 = Release|Any CPU
		{3427BA03-C7B5-4976-912F-B62412EC6243}.Debug|Any CPU.ActiveCfg = Debug|Any CPU
		{3427BA03-C7B5-4976-912F-B62412EC6243}.Debug|Any CPU.Build.0 = Debug|Any CPU
		{3427BA03-C7B5-4976-912F-B62412EC6243}.Debug|x64.ActiveCfg = Debug|Any CPU
		{3427BA03-C7B5-4976-912F-B62412EC6243}.Debug|x64.Build.0 = Debug|Any CPU
		{3427BA03-C7B5-4976-912F-B62412EC6243}.Debug|x86.ActiveCfg = Debug|Any CPU
		{3427BA03-C7B5-4976-912F-B62412EC6243}.Debug|x86.Build.0 = Debug|Any CPU
		{3427BA03-C7B5-4976-912F-B62412EC6243}.Release|Any CPU.ActiveCfg = Release|Any CPU
		{3427BA03-C7B5-4976-912F-B62412EC6243}.Release|Any CPU.Build.0 = Release|Any CPU
		{3427BA03-C7B5-4976-912F-B62412EC6243}.Release|x64.ActiveCfg = Release|Any CPU
		{3427BA03-C7B5-4976-912F-B62412EC6243}.Release|x64.Build.0 = Release|Any CPU
		{3427BA03-C7B5-4976-912F-B62412EC6243}.Release|x86.ActiveCfg = Release|Any CPU
		{3427BA03-C7B5-4976-912F-B62412EC6243}.Release|x86.Build.0 = Release|Any CPU
		{D219931D-3B0A-4D43-BC83-E0A5FAA9261D}.Debug|Any CPU.ActiveCfg = Debug|Any CPU
		{D219931D-3B0A-4D43-BC83-E0A5FAA9261D}.Debug|Any CPU.Build.0 = Debug|Any CPU
		{D219931D-3B0A-4D43-BC83-E0A5FAA9261D}.Debug|x64.ActiveCfg = Debug|Any CPU
		{D219931D-3B0A-4D43-BC83-E0A5FAA9261D}.Debug|x64.Build.0 = Debug|Any CPU
		{D219931D-3B0A-4D43-BC83-E0A5FAA9261D}.Debug|x86.ActiveCfg = Debug|Any CPU
		{D219931D-3B0A-4D43-BC83-E0A5FAA9261D}.Debug|x86.Build.0 = Debug|Any CPU
		{D219931D-3B0A-4D43-BC83-E0A5FAA9261D}.Release|Any CPU.ActiveCfg = Release|Any CPU
		{D219931D-3B0A-4D43-BC83-E0A5FAA9261D}.Release|Any CPU.Build.0 = Release|Any CPU
		{D219931D-3B0A-4D43-BC83-E0A5FAA9261D}.Release|x64.ActiveCfg = Release|Any CPU
		{D219931D-3B0A-4D43-BC83-E0A5FAA9261D}.Release|x64.Build.0 = Release|Any CPU
		{D219931D-3B0A-4D43-BC83-E0A5FAA9261D}.Release|x86.ActiveCfg = Release|Any CPU
		{D219931D-3B0A-4D43-BC83-E0A5FAA9261D}.Release|x86.Build.0 = Release|Any CPU
		{D3C0C50C-380C-4099-AFDC-EF69CBA98CF6}.Debug|Any CPU.ActiveCfg = Debug|Any CPU
		{D3C0C50C-380C-4099-AFDC-EF69CBA98CF6}.Debug|Any CPU.Build.0 = Debug|Any CPU
		{D3C0C50C-380C-4099-AFDC-EF69CBA98CF6}.Debug|x64.ActiveCfg = Debug|Any CPU
		{D3C0C50C-380C-4099-AFDC-EF69CBA98CF6}.Debug|x64.Build.0 = Debug|Any CPU
		{D3C0C50C-380C-4099-AFDC-EF69CBA98CF6}.Debug|x86.ActiveCfg = Debug|Any CPU
		{D3C0C50C-380C-4099-AFDC-EF69CBA98CF6}.Debug|x86.Build.0 = Debug|Any CPU
		{D3C0C50C-380C-4099-AFDC-EF69CBA98CF6}.Release|Any CPU.ActiveCfg = Release|Any CPU
		{D3C0C50C-380C-4099-AFDC-EF69CBA98CF6}.Release|Any CPU.Build.0 = Release|Any CPU
		{D3C0C50C-380C-4099-AFDC-EF69CBA98CF6}.Release|x64.ActiveCfg = Release|Any CPU
		{D3C0C50C-380C-4099-AFDC-EF69CBA98CF6}.Release|x64.Build.0 = Release|Any CPU
		{D3C0C50C-380C-4099-AFDC-EF69CBA98CF6}.Release|x86.ActiveCfg = Release|Any CPU
		{D3C0C50C-380C-4099-AFDC-EF69CBA98CF6}.Release|x86.Build.0 = Release|Any CPU
		{E30F84FF-95D7-4F66-9630-0E5D63EF7F14}.Debug|Any CPU.ActiveCfg = Debug|Any CPU
		{E30F84FF-95D7-4F66-9630-0E5D63EF7F14}.Debug|Any CPU.Build.0 = Debug|Any CPU
		{E30F84FF-95D7-4F66-9630-0E5D63EF7F14}.Debug|x64.ActiveCfg = Debug|Any CPU
		{E30F84FF-95D7-4F66-9630-0E5D63EF7F14}.Debug|x64.Build.0 = Debug|Any CPU
		{E30F84FF-95D7-4F66-9630-0E5D63EF7F14}.Debug|x86.ActiveCfg = Debug|Any CPU
		{E30F84FF-95D7-4F66-9630-0E5D63EF7F14}.Debug|x86.Build.0 = Debug|Any CPU
		{E30F84FF-95D7-4F66-9630-0E5D63EF7F14}.Release|Any CPU.ActiveCfg = Release|Any CPU
		{E30F84FF-95D7-4F66-9630-0E5D63EF7F14}.Release|Any CPU.Build.0 = Release|Any CPU
		{E30F84FF-95D7-4F66-9630-0E5D63EF7F14}.Release|x64.ActiveCfg = Release|Any CPU
		{E30F84FF-95D7-4F66-9630-0E5D63EF7F14}.Release|x64.Build.0 = Release|Any CPU
		{E30F84FF-95D7-4F66-9630-0E5D63EF7F14}.Release|x86.ActiveCfg = Release|Any CPU
		{E30F84FF-95D7-4F66-9630-0E5D63EF7F14}.Release|x86.Build.0 = Release|Any CPU
		{B6DD54A2-8E93-43DF-8F07-5BD4AA7803DF}.Debug|Any CPU.ActiveCfg = Debug|Any CPU
		{B6DD54A2-8E93-43DF-8F07-5BD4AA7803DF}.Debug|Any CPU.Build.0 = Debug|Any CPU
		{B6DD54A2-8E93-43DF-8F07-5BD4AA7803DF}.Debug|x64.ActiveCfg = Debug|Any CPU
		{B6DD54A2-8E93-43DF-8F07-5BD4AA7803DF}.Debug|x64.Build.0 = Debug|Any CPU
		{B6DD54A2-8E93-43DF-8F07-5BD4AA7803DF}.Debug|x86.ActiveCfg = Debug|Any CPU
		{B6DD54A2-8E93-43DF-8F07-5BD4AA7803DF}.Debug|x86.Build.0 = Debug|Any CPU
		{B6DD54A2-8E93-43DF-8F07-5BD4AA7803DF}.Release|Any CPU.ActiveCfg = Release|Any CPU
		{B6DD54A2-8E93-43DF-8F07-5BD4AA7803DF}.Release|Any CPU.Build.0 = Release|Any CPU
		{B6DD54A2-8E93-43DF-8F07-5BD4AA7803DF}.Release|x64.ActiveCfg = Release|Any CPU
		{B6DD54A2-8E93-43DF-8F07-5BD4AA7803DF}.Release|x64.Build.0 = Release|Any CPU
		{B6DD54A2-8E93-43DF-8F07-5BD4AA7803DF}.Release|x86.ActiveCfg = Release|Any CPU
		{B6DD54A2-8E93-43DF-8F07-5BD4AA7803DF}.Release|x86.Build.0 = Release|Any CPU
	EndGlobalSection
	GlobalSection(SolutionProperties) = preSolution
		HideSolutionNode = FALSE
	EndGlobalSection
	GlobalSection(NestedProjects) = preSolution
		{7F196982-E28D-452E-9B49-A884E099C666} = {2AA5D586-3ED1-49C6-A0AE-046421765769}
		{513BBA5B-DD8A-436A-9287-7813FF29B63D} = {2AA5D586-3ED1-49C6-A0AE-046421765769}
		{156CBA2C-7EB0-4D4C-B801-C38FF4E1C3F8} = {2AA5D586-3ED1-49C6-A0AE-046421765769}
		{59CFD678-BB65-44D7-8B56-F693E0C71345} = {2AA5D586-3ED1-49C6-A0AE-046421765769}
		{291998F6-E079-4DC3-820D-3EC23727956B} = {2AA5D586-3ED1-49C6-A0AE-046421765769}
		{3427BA03-C7B5-4976-912F-B62412EC6243} = {2AA5D586-3ED1-49C6-A0AE-046421765769}
		{D219931D-3B0A-4D43-BC83-E0A5FAA9261D} = {446D4B69-BD7E-42F7-A78E-25E1361CD7B3}
		{D3C0C50C-380C-4099-AFDC-EF69CBA98CF6} = {446D4B69-BD7E-42F7-A78E-25E1361CD7B3}
		{E30F84FF-95D7-4F66-9630-0E5D63EF7F14} = {446D4B69-BD7E-42F7-A78E-25E1361CD7B3}
		{B6DD54A2-8E93-43DF-8F07-5BD4AA7803DF} = {446D4B69-BD7E-42F7-A78E-25E1361CD7B3}
	EndGlobalSection
	GlobalSection(ExtensibilityGlobals) = postSolution
		SolutionGuid = {0B87076C-A0B4-4314-BD02-3D0F2232BB78}
	EndGlobalSection
EndGlobal
